// !$*UTF8*$!
{
	archiveVersion = 1;
	classes = {
	};
	objectVersion = 46;
	objects = {

/* Begin PBXBuildFile section */
		6C18E86F1C6165DE00F66E7F /* AppDelegate.swift in Sources */ = {isa = PBXBuildFile; fileRef = 6C18E86E1C6165DE00F66E7F /* AppDelegate.swift */; };
		6C18E8711C6165DE00F66E7F /* ViewController.swift in Sources */ = {isa = PBXBuildFile; fileRef = 6C18E8701C6165DE00F66E7F /* ViewController.swift */; };
		6C18E8741C6165DE00F66E7F /* Main.storyboard in Resources */ = {isa = PBXBuildFile; fileRef = 6C18E8721C6165DE00F66E7F /* Main.storyboard */; };
		6C18E8761C6165DE00F66E7F /* Assets.xcassets in Resources */ = {isa = PBXBuildFile; fileRef = 6C18E8751C6165DE00F66E7F /* Assets.xcassets */; };
		6C18E8791C6165DE00F66E7F /* LaunchScreen.storyboard in Resources */ = {isa = PBXBuildFile; fileRef = 6C18E8771C6165DE00F66E7F /* LaunchScreen.storyboard */; };
		6C18E8821C61676100F66E7F /* Game.swift in Sources */ = {isa = PBXBuildFile; fileRef = 6C18E8811C61676100F66E7F /* Game.swift */; };
		6C18E8851C62626B00F66E7F /* gameVC.swift in Sources */ = {isa = PBXBuildFile; fileRef = 6C18E8841C62626B00F66E7F /* gameVC.swift */; };
		6C2BAE271C63B5EA003D64EC /* GameInfo.swift in Sources */ = {isa = PBXBuildFile; fileRef = 6C2BAE261C63B5EA003D64EC /* GameInfo.swift */; };
/* End PBXBuildFile section */

/* Begin PBXFileReference section */
		6C18E86B1C6165DE00F66E7F /* BGGDex.app */ = {isa = PBXFileReference; explicitFileType = wrapper.application; includeInIndex = 0; path = BGGDex.app; sourceTree = BUILT_PRODUCTS_DIR; };
		6C18E86E1C6165DE00F66E7F /* AppDelegate.swift */ = {isa = PBXFileReference; lastKnownFileType = sourcecode.swift; path = AppDelegate.swift; sourceTree = "<group>"; };
		6C18E8701C6165DE00F66E7F /* ViewController.swift */ = {isa = PBXFileReference; lastKnownFileType = sourcecode.swift; path = ViewController.swift; sourceTree = "<group>"; };
		6C18E8731C6165DE00F66E7F /* Base */ = {isa = PBXFileReference; lastKnownFileType = file.storyboard; name = Base; path = Base.lproj/Main.storyboard; sourceTree = "<group>"; };
		6C18E8751C6165DE00F66E7F /* Assets.xcassets */ = {isa = PBXFileReference; lastKnownFileType = folder.assetcatalog; path = Assets.xcassets; sourceTree = "<group>"; };
		6C18E8781C6165DE00F66E7F /* Base */ = {isa = PBXFileReference; lastKnownFileType = file.storyboard; name = Base; path = Base.lproj/LaunchScreen.storyboard; sourceTree = "<group>"; };
		6C18E87A1C6165DE00F66E7F /* Info.plist */ = {isa = PBXFileReference; lastKnownFileType = text.plist.xml; path = Info.plist; sourceTree = "<group>"; };
		6C18E8811C61676100F66E7F /* Game.swift */ = {isa = PBXFileReference; fileEncoding = 4; lastKnownFileType = sourcecode.swift; path = Game.swift; sourceTree = "<group>"; };
		6C18E8841C62626B00F66E7F /* gameVC.swift */ = {isa = PBXFileReference; fileEncoding = 4; lastKnownFileType = sourcecode.swift; path = gameVC.swift; sourceTree = "<group>"; };
		6C2BAE261C63B5EA003D64EC /* GameInfo.swift */ = {isa = PBXFileReference; fileEncoding = 4; lastKnownFileType = sourcecode.swift; path = GameInfo.swift; sourceTree = "<group>"; };
/* End PBXFileReference section */

/* Begin PBXFrameworksBuildPhase section */
		6C18E8681C6165DE00F66E7F /* Frameworks */ = {
			isa = PBXFrameworksBuildPhase;
			buildActionMask = 2147483647;
			files = (
			);
			runOnlyForDeploymentPostprocessing = 0;
		};
/* End PBXFrameworksBuildPhase section */

/* Begin PBXGroup section */
		6C18E8621C6165DE00F66E7F = {
			isa = PBXGroup;
			children = (
				6C18E86D1C6165DE00F66E7F /* BGGDex */,
				6C18E86C1C6165DE00F66E7F /* Products */,
			);
			sourceTree = "<group>";
		};
		6C18E86C1C6165DE00F66E7F /* Products */ = {
			isa = PBXGroup;
			children = (
				6C18E86B1C6165DE00F66E7F /* BGGDex.app */,
			);
			name = Products;
			sourceTree = "<group>";
		};
		6C18E86D1C6165DE00F66E7F /* BGGDex */ = {
			isa = PBXGroup;
			children = (
				6C18E8801C61674F00F66E7F /* Model */,
				6C18E86E1C6165DE00F66E7F /* AppDelegate.swift */,
				6C18E8701C6165DE00F66E7F /* ViewController.swift */,
				6C18E8841C62626B00F66E7F /* gameVC.swift */,
				6C18E8721C6165DE00F66E7F /* Main.storyboard */,
				6C18E8751C6165DE00F66E7F /* Assets.xcassets */,
				6C18E8771C6165DE00F66E7F /* LaunchScreen.storyboard */,
				6C18E87A1C6165DE00F66E7F /* Info.plist */,
			);
			path = BGGDex;
			sourceTree = "<group>";
		};
		6C18E8801C61674F00F66E7F /* Model */ = {
			isa = PBXGroup;
			children = (
				6C18E8811C61676100F66E7F /* Game.swift */,
				6C2BAE261C63B5EA003D64EC /* GameInfo.swift */,
			);
			name = Model;
			sourceTree = "<group>";
		};
/* End PBXGroup section */

/* Begin PBXNativeTarget section */
		6C18E86A1C6165DE00F66E7F /* BGGDex */ = {
			isa = PBXNativeTarget;
			buildConfigurationList = 6C18E87D1C6165DE00F66E7F /* Build configuration list for PBXNativeTarget "BGGDex" */;
			buildPhases = (
				6C18E8671C6165DE00F66E7F /* Sources */,
				6C18E8681C6165DE00F66E7F /* Frameworks */,
				6C18E8691C6165DE00F66E7F /* Resources */,
			);
			buildRules = (
			);
			dependencies = (
			);
			name = BGGDex;
			productName = BGGDex;
			productReference = 6C18E86B1C6165DE00F66E7F /* BGGDex.app */;
			productType = "com.apple.product-type.application";
		};
/* End PBXNativeTarget section */

/* Begin PBXProject section */
		6C18E8631C6165DE00F66E7F /* Project object */ = {
			isa = PBXProject;
			attributes = {
				LastSwiftUpdateCheck = 0720;
				LastUpgradeCheck = 0720;
				ORGANIZATIONNAME = "chad parr";
				TargetAttributes = {
					6C18E86A1C6165DE00F66E7F = {
						CreatedOnToolsVersion = 7.2;
					};
				};
			};
			buildConfigurationList = 6C18E8661C6165DE00F66E7F /* Build configuration list for PBXProject "BGGDex" */;
			compatibilityVersion = "Xcode 3.2";
			developmentRegion = English;
			hasScannedForEncodings = 0;
			knownRegions = (
				en,
				Base,
			);
			mainGroup = 6C18E8621C6165DE00F66E7F;
			productRefGroup = 6C18E86C1C6165DE00F66E7F /* Products */;
			projectDirPath = "";
			projectRoot = "";
			targets = (
				6C18E86A1C6165DE00F66E7F /* BGGDex */,
			);
		};
/* End PBXProject section */

/* Begin PBXResourcesBuildPhase section */
		6C18E8691C6165DE00F66E7F /* Resources */ = {
			isa = PBXResourcesBuildPhase;
			buildActionMask = 2147483647;
			files = (
				6C18E8791C6165DE00F66E7F /* LaunchScreen.storyboard in Resources */,
				6C18E8761C6165DE00F66E7F /* Assets.xcassets in Resources */,
				6C18E8741C6165DE00F66E7F /* Main.storyboard in Resources */,
			);
			runOnlyForDeploymentPostprocessing = 0;
		};
/* End PBXResourcesBuildPhase section */

/* Begin PBXSourcesBuildPhase section */
		6C18E8671C6165DE00F66E7F /* Sources */ = {
			isa = PBXSourcesBuildPhase;
			buildActionMask = 2147483647;
			files = (
				6C18E8711C6165DE00F66E7F /* ViewController.swift in Sources */,
				6C2BAE271C63B5EA003D64EC /* GameInfo.swift in Sources */,
				6C18E8821C61676100F66E7F /* Game.swift in Sources */,
				6C18E8851C62626B00F66E7F /* gameVC.swift in Sources */,
				6C18E86F1C6165DE00F66E7F /* AppDelegate.swift in Sources */,
			);
			runOnlyForDeploymentPostprocessing = 0;
		};
/* End PBXSourcesBuildPhase section */

/* Begin PBXVariantGroup section */
		6C18E8721C6165DE00F66E7F /* Main.storyboard */ = {
			isa = PBXVariantGroup;
			children = (
				6C18E8731C6165DE00F66E7F /* Base */,
			);
			name = Main.storyboard;
			sourceTree = "<group>";
		};
		6C18E8771C6165DE00F66E7F /* LaunchScreen.storyboard */ = {
			isa = PBXVariantGroup;
			children = (
				6C18E8781C6165DE00F66E7F /* Base */,
			);
			name = LaunchScreen.storyboard;
			sourceTree = "<group>";
		};
/* End PBXVariantGroup section */

/* Begin XCBuildConfiguration section */
		6C18E87B1C6165DE00F66E7F /* Debug */ = {
			isa = XCBuildConfiguration;
			buildSettings = {
				ALWAYS_SEARCH_USER_PATHS = NO;
				CLANG_CXX_LANGUAGE_STANDARD = "gnu++0x";
				CLANG_CXX_LIBRARY = "libc++";
				CLANG_ENABLE_MODULES = YES;
				CLANG_ENABLE_OBJC_ARC = YES;
				CLANG_WARN_BOOL_CONVERSION = YES;
				CLANG_WARN_CONSTANT_CONVERSION = YES;
				CLANG_WARN_DIRECT_OBJC_ISA_USAGE = YES_ERROR;
				CLANG_WARN_EMPTY_BODY = YES;
				CLANG_WARN_ENUM_CONVERSION = YES;
				CLANG_WARN_INT_CONVERSION = YES;
				CLANG_WARN_OBJC_ROOT_CLASS = YES_ERROR;
				CLANG_WARN_UNREACHABLE_CODE = YES;
				CLANG_WARN__DUPLICATE_METHOD_MATCH = YES;
				"CODE_SIGN_IDENTITY[sdk=iphoneos*]" = "iPhone Developer";
				COPY_PHASE_STRIP = NO;
				DEBUG_INFORMATION_FORMAT = dwarf;
				ENABLE_STRICT_OBJC_MSGSEND = YES;
				ENABLE_TESTABILITY = YES;
				GCC_C_LANGUAGE_STANDARD = gnu99;
				GCC_DYNAMIC_NO_PIC = NO;
				GCC_NO_COMMON_BLOCKS = YES;
				GCC_OPTIMIZATION_LEVEL = 0;
				GCC_PREPROCESSOR_DEFINITIONS = (
					"DEBUG=1",
					"$(inherited)",
				);
				GCC_WARN_64_TO_32_BIT_CONVERSION = YES;
				GCC_WARN_ABOUT_RETURN_TYPE = YES_ERROR;
				GCC_WARN_UNDECLARED_SELECTOR = YES;
				GCC_WARN_UNINITIALIZED_AUTOS = YES_AGGRESSIVE;
				GCC_WARN_UNUSED_FUNCTION = YES;
				GCC_WARN_UNUSED_VARIABLE = YES;
				IPHONEOS_DEPLOYMENT_TARGET = 9.2;
				MTL_ENABLE_DEBUG_INFO = YES;
				ONLY_ACTIVE_ARCH = YES;
				SDKROOT = iphoneos;
				SWIFT_OPTIMIZATION_LEVEL = "-Onone";
				TARGETED_DEVICE_FAMILY = "1,2";
			};
			name = Debug;
		};
		6C18E87C1C6165DE00F66E7F /* Release */ = {
			isa = XCBuildConfiguration;
			buildSettings = {
				ALWAYS_SEARCH_USER_PATHS = NO;
				CLANG_CXX_LANGUAGE_STANDARD = "gnu++0x";
				CLANG_CXX_LIBRARY = "libc++";
				CLANG_ENABLE_MODULES = YES;
				CLANG_ENABLE_OBJC_ARC = YES;
				CLANG_WARN_BOOL_CONVERSION = YES;
				CLANG_WARN_CONSTANT_CONVERSION = YES;
				CLANG_WARN_DIRECT_OBJC_ISA_USAGE = YES_ERROR;
				CLANG_WARN_EMPTY_BODY = YES;
				CLANG_WARN_ENUM_CONVERSION = YES;
				CLANG_WARN_INT_CONVERSION = YES;
				CLANG_WARN_OBJC_ROOT_CLASS = YES_ERROR;
				CLANG_WARN_UNREACHABLE_CODE = YES;
				CLANG_WARN__DUPLICATE_METHOD_MATCH = YES;
				"CODE_SIGN_IDENTITY[sdk=iphoneos*]" = "iPhone Developer";
				COPY_PHASE_STRIP = NO;
				DEBUG_INFORMATION_FORMAT = "dwarf-with-dsym";
				ENABLE_NS_ASSERTIONS = NO;
				ENABLE_STRICT_OBJC_MSGSEND = YES;
				GCC_C_LANGUAGE_STANDARD = gnu99;
				GCC_NO_COMMON_BLOCKS = YES;
				GCC_WARN_64_TO_32_BIT_CONVERSION = YES;
				GCC_WARN_ABOUT_RETURN_TYPE = YES_ERROR;
				GCC_WARN_UNDECLARED_SELECTOR = YES;
				GCC_WARN_UNINITIALIZED_AUTOS = YES_AGGRESSIVE;
				GCC_WARN_UNUSED_FUNCTION = YES;
				GCC_WARN_UNUSED_VARIABLE = YES;
				IPHONEOS_DEPLOYMENT_TARGET = 9.2;
				MTL_ENABLE_DEBUG_INFO = NO;
				SDKROOT = iphoneos;
				TARGETED_DEVICE_FAMILY = "1,2";
				VALIDATE_PRODUCT = YES;
			};
			name = Release;
		};
		6C18E87E1C6165DE00F66E7F /* Debug */ = {
			isa = XCBuildConfiguration;
			buildSettings = {
				ASSETCATALOG_COMPILER_APPICON_NAME = AppIcon;
				INFOPLIST_FILE = BGGDex/Info.plist;
				LD_RUNPATH_SEARCH_PATHS = "$(inherited) @executable_path/Frameworks";
				PRODUCT_BUNDLE_IDENTIFIER = com.ThatchedRoof.BGGDex;
				PRODUCT_NAME = "$(TARGET_NAME)";
			};
			name = Debug;
		};
		6C18E87F1C6165DE00F66E7F /* Release */ = {
			isa = XCBuildConfiguration;
			buildSettings = {
				ASSETCATALOG_COMPILER_APPICON_NAME = AppIcon;
				INFOPLIST_FILE = BGGDex/Info.plist;
				LD_RUNPATH_SEARCH_PATHS = "$(inherited) @executable_path/Frameworks";
				PRODUCT_BUNDLE_IDENTIFIER = com.ThatchedRoof.BGGDex;
				PRODUCT_NAME = "$(TARGET_NAME)";
			};
			name = Release;
		};
/* End XCBuildConfiguration section */

/* Begin XCConfigurationList section */
		6C18E8661C6165DE00F66E7F /* Build configuration list for PBXProject "BGGDex" */ = {
			isa = XCConfigurationList;
			buildConfigurations = (
				6C18E87B1C6165DE00F66E7F /* Debug */,
				6C18E87C1C6165DE00F66E7F /* Release */,
			);
			defaultConfigurationIsVisible = 0;
			defaultConfigurationName = Release;
		};
		6C18E87D1C6165DE00F66E7F /* Build configuration list for PBXNativeTarget "BGGDex" */ = {
			isa = XCConfigurationList;
			buildConfigurations = (
				6C18E87E1C6165DE00F66E7F /* Debug */,
				6C18E87F1C6165DE00F66E7F /* Release */,
			);
			defaultConfigurationIsVisible = 0;
			defaultConfigurationName = Release;
		};
/* End XCConfigurationList section */
	};
	rootObject = 6C18E8631C6165DE00F66E7F /* Project object */;
}
